
Microsoft Visual Studio Solution File, Format Version 12.00
# Visual Studio Version 17
VisualStudioVersion = 17.8.34511.84
MinimumVisualStudioVersion = 10.0.40219.1
Project("{FAE04EC0-301F-11D3-BF4B-00C04F79EFBC}") = "appfordockertest", "appfordockertest.csproj", "{8DDD7CF2-8883-40C4-BC27-222A35F928A3}"
EndProject
Global
	GlobalSection(SolutionConfigurationPlatforms) = preSolution
		Debug|Any CPU = Debug|Any CPU
		Release|Any CPU = Release|Any CPU
	EndGlobalSection
	GlobalSection(ProjectConfigurationPlatforms) = postSolution
		{8DDD7CF2-8883-40C4-BC27-222A35F928A3}.Debug|Any CPU.ActiveCfg = Debug|Any CPU
		{8DDD7CF2-8883-40C4-BC27-222A35F928A3}.Debug|Any CPU.Build.0 = Debug|Any CPU
		{8DDD7CF2-8883-40C4-BC27-222A35F928A3}.Release|Any CPU.ActiveCfg = Release|Any CPU
		{8DDD7CF2-8883-40C4-BC27-222A35F928A3}.Release|Any CPU.Build.0 = Release|Any CPU
	EndGlobalSection
	GlobalSection(SolutionProperties) = preSolution
		HideSolutionNode = FALSE
	EndGlobalSection
	GlobalSection(ExtensibilityGlobals) = postSolution
		SolutionGuid = {995B8470-C02C-446D-98A5-80B8764ECF7A}
	EndGlobalSection
EndGlobal
